
Microsoft Visual Studio Solution File, Format Version 12.00
# Visual Studio Version 17
VisualStudioVersion = 17.5.33530.505
MinimumVisualStudioVersion = 10.0.40219.1
Project("{FAE04EC0-301F-11D3-BF4B-00C04F79EFBC}") = "Torg_texnic", "Torg_texnic.csproj", "{E1C83743-2D31-4B0F-9483-5B830B4AE8BF}"
EndProject
Global
	GlobalSection(SolutionConfigurationPlatforms) = preSolution
		Debug|Any CPU = Debug|Any CPU
		Release|Any CPU = Release|Any CPU
	EndGlobalSection
	GlobalSection(ProjectConfigurationPlatforms) = postSolution
		{E1C83743-2D31-4B0F-9483-5B830B4AE8BF}.Debug|Any CPU.ActiveCfg = Debug|Any CPU
		{E1C83743-2D31-4B0F-9483-5B830B4AE8BF}.Debug|Any CPU.Build.0 = Debug|Any CPU
		{E1C83743-2D31-4B0F-9483-5B830B4AE8BF}.Release|Any CPU.ActiveCfg = Release|Any CPU
		{E1C83743-2D31-4B0F-9483-5B830B4AE8BF}.Release|Any CPU.Build.0 = Release|Any CPU
	EndGlobalSection
	GlobalSection(SolutionProperties) = preSolution
		HideSolutionNode = FALSE
	EndGlobalSection
	GlobalSection(ExtensibilityGlobals) = postSolution
		SolutionGuid = {FBC552D8-3E27-4615-AAE4-C1C9D3E7F1A5}
	EndGlobalSection
EndGlobal
